// !$*UTF8*$!
{
	archiveVersion = 1;
	classes = {
	};
	objectVersion = 51;
	objects = {

/* Begin PBXBuildFile section */
		13AD819A9358278A30DBC6FA /* Pods_GitHub_Swift_StarsUITests.framework in Frameworks */ = {isa = PBXBuildFile; fileRef = E9A9C4249CE86E28AA6305AF /* Pods_GitHub_Swift_StarsUITests.framework */; };
		16AAC80ACB45607653C04C2E /* Pods_GitHub_Swift_Stars.framework in Frameworks */ = {isa = PBXBuildFile; fileRef = 885E0DF88E720AA5A416882D /* Pods_GitHub_Swift_Stars.framework */; };
		203AFFF8429433991B6A8C89 /* Pods_GitHub_Swift_StarsTests.framework in Frameworks */ = {isa = PBXBuildFile; fileRef = 8F28EC134492877BBFDC7842 /* Pods_GitHub_Swift_StarsTests.framework */; };
		7C5D641F22AD8C0600CA9C12 /* AppDelegate.swift in Sources */ = {isa = PBXBuildFile; fileRef = 7C5D641E22AD8C0600CA9C12 /* AppDelegate.swift */; };
		7C5D642622AD8C0800CA9C12 /* Assets.xcassets in Resources */ = {isa = PBXBuildFile; fileRef = 7C5D642522AD8C0800CA9C12 /* Assets.xcassets */; };
		7C5D642922AD8C0800CA9C12 /* LaunchScreen.storyboard in Resources */ = {isa = PBXBuildFile; fileRef = 7C5D642722AD8C0800CA9C12 /* LaunchScreen.storyboard */; };
		7C5D643422AD8C0800CA9C12 /* GitHub_Swift_StarsTests.swift in Sources */ = {isa = PBXBuildFile; fileRef = 7C5D643322AD8C0800CA9C12 /* GitHub_Swift_StarsTests.swift */; };
		7C5D643F22AD8C0800CA9C12 /* GitHub_Swift_StarsUITests.swift in Sources */ = {isa = PBXBuildFile; fileRef = 7C5D643E22AD8C0800CA9C12 /* GitHub_Swift_StarsUITests.swift */; };
		BF7B91742406AEF600169BDD /* ViewCodeProtocol.swift in Sources */ = {isa = PBXBuildFile; fileRef = BF7B91732406AEF600169BDD /* ViewCodeProtocol.swift */; };
		BF7B91762407431B00169BDD /* GitResponse.swift in Sources */ = {isa = PBXBuildFile; fileRef = BF7B91752407431B00169BDD /* GitResponse.swift */; };
		BF7B91782407434900169BDD /* Owner.swift in Sources */ = {isa = PBXBuildFile; fileRef = BF7B91772407434900169BDD /* Owner.swift */; };
		BF7B917B24074DA200169BDD /* RepositoryDetailViewController.swift in Sources */ = {isa = PBXBuildFile; fileRef = BF7B917A24074DA200169BDD /* RepositoryDetailViewController.swift */; };
		BF7B917F240ADDB800169BDD /* RepositoryDetailScreen.swift in Sources */ = {isa = PBXBuildFile; fileRef = BF7B917E240ADDB800169BDD /* RepositoryDetailScreen.swift */; };
		BF8CBAAB23DA7891004FAB89 /* Coordinator.swift in Sources */ = {isa = PBXBuildFile; fileRef = BF8CBAAA23DA7891004FAB89 /* Coordinator.swift */; };
		BF8CBAAF23DA7B8B004FAB89 /* MainCoordinator.swift in Sources */ = {isa = PBXBuildFile; fileRef = BF8CBAAE23DA7B8B004FAB89 /* MainCoordinator.swift */; };
		BF987AE22441415700731CA7 /* RepositoryDetailViewModel.swift in Sources */ = {isa = PBXBuildFile; fileRef = BF987AE12441415700731CA7 /* RepositoryDetailViewModel.swift */; };
		BF9E302F22B07750009F84BE /* GitHubTopListMock.json in Resources */ = {isa = PBXBuildFile; fileRef = BF9E302E22B07750009F84BE /* GitHubTopListMock.json */; };
		BFD564D6234C2E4E0073F3DC /* TopStarListViewController.swift in Sources */ = {isa = PBXBuildFile; fileRef = BFD564D5234C2E4E0073F3DC /* TopStarListViewController.swift */; };
		BFD564D8234C2ED80073F3DC /* TopListViewModel.swift in Sources */ = {isa = PBXBuildFile; fileRef = BFD564D7234C2ED80073F3DC /* TopListViewModel.swift */; };
		BFD564DA234C308F0073F3DC /* TopStarListViewController+TableView.swift in Sources */ = {isa = PBXBuildFile; fileRef = BFD564D9234C308F0073F3DC /* TopStarListViewController+TableView.swift */; };
		BFD564DC235015150073F3DC /* TopStarListScreen.swift in Sources */ = {isa = PBXBuildFile; fileRef = BFD564DB235015150073F3DC /* TopStarListScreen.swift */; };
		BFDC94B622AF1EC50049EF00 /* Repository.swift in Sources */ = {isa = PBXBuildFile; fileRef = BFDC94B522AF1EC50049EF00 /* Repository.swift */; };
		BFDC94B922AF243B0049EF00 /* Api.swift in Sources */ = {isa = PBXBuildFile; fileRef = BFDC94B822AF243B0049EF00 /* Api.swift */; };
		BFDC94BC22AF3AA40049EF00 /* RepositorieTableViewCell.swift in Sources */ = {isa = PBXBuildFile; fileRef = BFDC94BB22AF3AA40049EF00 /* RepositorieTableViewCell.swift */; };
		BFDC94BF22AF6B280049EF00 /* TopStarTableViewControllerSpec.swift in Sources */ = {isa = PBXBuildFile; fileRef = BFDC94BE22AF6B280049EF00 /* TopStarTableViewControllerSpec.swift */; };
/* End PBXBuildFile section */

/* Begin PBXContainerItemProxy section */
		7C5D643022AD8C0800CA9C12 /* PBXContainerItemProxy */ = {
			isa = PBXContainerItemProxy;
			containerPortal = 7C5D641322AD8C0600CA9C12 /* Project object */;
			proxyType = 1;
			remoteGlobalIDString = 7C5D641A22AD8C0600CA9C12;
			remoteInfo = "GitHub-Swift-Stars";
		};
		7C5D643B22AD8C0800CA9C12 /* PBXContainerItemProxy */ = {
			isa = PBXContainerItemProxy;
			containerPortal = 7C5D641322AD8C0600CA9C12 /* Project object */;
			proxyType = 1;
			remoteGlobalIDString = 7C5D641A22AD8C0600CA9C12;
			remoteInfo = "GitHub-Swift-Stars";
		};
/* End PBXContainerItemProxy section */

/* Begin PBXFileReference section */
		28F02010011D54305A325FDD /* Pods-GitHub-Swift-StarsTests.debug.xcconfig */ = {isa = PBXFileReference; includeInIndex = 1; lastKnownFileType = text.xcconfig; name = "Pods-GitHub-Swift-StarsTests.debug.xcconfig"; path = "Pods/Target Support Files/Pods-GitHub-Swift-StarsTests/Pods-GitHub-Swift-StarsTests.debug.xcconfig"; sourceTree = "<group>"; };
		7C5D641B22AD8C0600CA9C12 /* GitHub-Swift-Stars.app */ = {isa = PBXFileReference; explicitFileType = wrapper.application; includeInIndex = 0; path = "GitHub-Swift-Stars.app"; sourceTree = BUILT_PRODUCTS_DIR; };
		7C5D641E22AD8C0600CA9C12 /* AppDelegate.swift */ = {isa = PBXFileReference; lastKnownFileType = sourcecode.swift; path = AppDelegate.swift; sourceTree = "<group>"; };
		7C5D642522AD8C0800CA9C12 /* Assets.xcassets */ = {isa = PBXFileReference; lastKnownFileType = folder.assetcatalog; path = Assets.xcassets; sourceTree = "<group>"; };
		7C5D642822AD8C0800CA9C12 /* Base */ = {isa = PBXFileReference; lastKnownFileType = file.storyboard; name = Base; path = Base.lproj/LaunchScreen.storyboard; sourceTree = "<group>"; };
		7C5D642A22AD8C0800CA9C12 /* Info.plist */ = {isa = PBXFileReference; lastKnownFileType = text.plist.xml; path = Info.plist; sourceTree = "<group>"; };
		7C5D642F22AD8C0800CA9C12 /* GitHub-Swift-StarsTests.xctest */ = {isa = PBXFileReference; explicitFileType = wrapper.cfbundle; includeInIndex = 0; path = "GitHub-Swift-StarsTests.xctest"; sourceTree = BUILT_PRODUCTS_DIR; };
		7C5D643322AD8C0800CA9C12 /* GitHub_Swift_StarsTests.swift */ = {isa = PBXFileReference; lastKnownFileType = sourcecode.swift; path = GitHub_Swift_StarsTests.swift; sourceTree = "<group>"; };
		7C5D643522AD8C0800CA9C12 /* Info.plist */ = {isa = PBXFileReference; lastKnownFileType = text.plist.xml; path = Info.plist; sourceTree = "<group>"; };
		7C5D643A22AD8C0800CA9C12 /* GitHub-Swift-StarsUITests.xctest */ = {isa = PBXFileReference; explicitFileType = wrapper.cfbundle; includeInIndex = 0; path = "GitHub-Swift-StarsUITests.xctest"; sourceTree = BUILT_PRODUCTS_DIR; };
		7C5D643E22AD8C0800CA9C12 /* GitHub_Swift_StarsUITests.swift */ = {isa = PBXFileReference; lastKnownFileType = sourcecode.swift; path = GitHub_Swift_StarsUITests.swift; sourceTree = "<group>"; };
		7C5D644022AD8C0800CA9C12 /* Info.plist */ = {isa = PBXFileReference; lastKnownFileType = text.plist.xml; path = Info.plist; sourceTree = "<group>"; };
		7D2E2A25E84DB751AE3893FF /* Pods-GitHub-Swift-StarsUITests.debug.xcconfig */ = {isa = PBXFileReference; includeInIndex = 1; lastKnownFileType = text.xcconfig; name = "Pods-GitHub-Swift-StarsUITests.debug.xcconfig"; path = "Pods/Target Support Files/Pods-GitHub-Swift-StarsUITests/Pods-GitHub-Swift-StarsUITests.debug.xcconfig"; sourceTree = "<group>"; };
		885E0DF88E720AA5A416882D /* Pods_GitHub_Swift_Stars.framework */ = {isa = PBXFileReference; explicitFileType = wrapper.framework; includeInIndex = 0; path = Pods_GitHub_Swift_Stars.framework; sourceTree = BUILT_PRODUCTS_DIR; };
		8F28EC134492877BBFDC7842 /* Pods_GitHub_Swift_StarsTests.framework */ = {isa = PBXFileReference; explicitFileType = wrapper.framework; includeInIndex = 0; path = Pods_GitHub_Swift_StarsTests.framework; sourceTree = BUILT_PRODUCTS_DIR; };
		A53527E043E98EA071D54EC2 /* Pods-GitHub-Swift-Stars.release.xcconfig */ = {isa = PBXFileReference; includeInIndex = 1; lastKnownFileType = text.xcconfig; name = "Pods-GitHub-Swift-Stars.release.xcconfig"; path = "Pods/Target Support Files/Pods-GitHub-Swift-Stars/Pods-GitHub-Swift-Stars.release.xcconfig"; sourceTree = "<group>"; };
		B8416CE12B7BD84ACA81C70B /* Pods-GitHub-Swift-StarsTests.release.xcconfig */ = {isa = PBXFileReference; includeInIndex = 1; lastKnownFileType = text.xcconfig; name = "Pods-GitHub-Swift-StarsTests.release.xcconfig"; path = "Pods/Target Support Files/Pods-GitHub-Swift-StarsTests/Pods-GitHub-Swift-StarsTests.release.xcconfig"; sourceTree = "<group>"; };
		BF7B91732406AEF600169BDD /* ViewCodeProtocol.swift */ = {isa = PBXFileReference; lastKnownFileType = sourcecode.swift; path = ViewCodeProtocol.swift; sourceTree = "<group>"; };
		BF7B91752407431B00169BDD /* GitResponse.swift */ = {isa = PBXFileReference; lastKnownFileType = sourcecode.swift; path = GitResponse.swift; sourceTree = "<group>"; };
		BF7B91772407434900169BDD /* Owner.swift */ = {isa = PBXFileReference; lastKnownFileType = sourcecode.swift; path = Owner.swift; sourceTree = "<group>"; };
		BF7B917A24074DA200169BDD /* RepositoryDetailViewController.swift */ = {isa = PBXFileReference; lastKnownFileType = sourcecode.swift; path = RepositoryDetailViewController.swift; sourceTree = "<group>"; };
		BF7B917E240ADDB800169BDD /* RepositoryDetailScreen.swift */ = {isa = PBXFileReference; lastKnownFileType = sourcecode.swift; path = RepositoryDetailScreen.swift; sourceTree = "<group>"; };
		BF8CBAAA23DA7891004FAB89 /* Coordinator.swift */ = {isa = PBXFileReference; lastKnownFileType = sourcecode.swift; path = Coordinator.swift; sourceTree = "<group>"; };
		BF8CBAAE23DA7B8B004FAB89 /* MainCoordinator.swift */ = {isa = PBXFileReference; lastKnownFileType = sourcecode.swift; path = MainCoordinator.swift; sourceTree = "<group>"; };
		BF987AE12441415700731CA7 /* RepositoryDetailViewModel.swift */ = {isa = PBXFileReference; lastKnownFileType = sourcecode.swift; path = RepositoryDetailViewModel.swift; sourceTree = "<group>"; };
		BF9E302E22B07750009F84BE /* GitHubTopListMock.json */ = {isa = PBXFileReference; fileEncoding = 4; lastKnownFileType = text.json; path = GitHubTopListMock.json; sourceTree = "<group>"; };
		BFD564D5234C2E4E0073F3DC /* TopStarListViewController.swift */ = {isa = PBXFileReference; lastKnownFileType = sourcecode.swift; path = TopStarListViewController.swift; sourceTree = "<group>"; };
		BFD564D7234C2ED80073F3DC /* TopListViewModel.swift */ = {isa = PBXFileReference; lastKnownFileType = sourcecode.swift; path = TopListViewModel.swift; sourceTree = "<group>"; };
		BFD564D9234C308F0073F3DC /* TopStarListViewController+TableView.swift */ = {isa = PBXFileReference; lastKnownFileType = sourcecode.swift; path = "TopStarListViewController+TableView.swift"; sourceTree = "<group>"; };
		BFD564DB235015150073F3DC /* TopStarListScreen.swift */ = {isa = PBXFileReference; lastKnownFileType = sourcecode.swift; path = TopStarListScreen.swift; sourceTree = "<group>"; };
		BFDC94B522AF1EC50049EF00 /* Repository.swift */ = {isa = PBXFileReference; lastKnownFileType = sourcecode.swift; path = Repository.swift; sourceTree = "<group>"; };
		BFDC94B822AF243B0049EF00 /* Api.swift */ = {isa = PBXFileReference; lastKnownFileType = sourcecode.swift; path = Api.swift; sourceTree = "<group>"; };
		BFDC94BB22AF3AA40049EF00 /* RepositorieTableViewCell.swift */ = {isa = PBXFileReference; lastKnownFileType = sourcecode.swift; path = RepositorieTableViewCell.swift; sourceTree = "<group>"; };
		BFDC94BE22AF6B280049EF00 /* TopStarTableViewControllerSpec.swift */ = {isa = PBXFileReference; lastKnownFileType = sourcecode.swift; path = TopStarTableViewControllerSpec.swift; sourceTree = "<group>"; };
		C41BC0950AE20AA1621A029C /* Pods-GitHub-Swift-StarsUITests.release.xcconfig */ = {isa = PBXFileReference; includeInIndex = 1; lastKnownFileType = text.xcconfig; name = "Pods-GitHub-Swift-StarsUITests.release.xcconfig"; path = "Pods/Target Support Files/Pods-GitHub-Swift-StarsUITests/Pods-GitHub-Swift-StarsUITests.release.xcconfig"; sourceTree = "<group>"; };
		E9A9C4249CE86E28AA6305AF /* Pods_GitHub_Swift_StarsUITests.framework */ = {isa = PBXFileReference; explicitFileType = wrapper.framework; includeInIndex = 0; path = Pods_GitHub_Swift_StarsUITests.framework; sourceTree = BUILT_PRODUCTS_DIR; };
		F86CE69DBC645A3552C19DCA /* Pods-GitHub-Swift-Stars.debug.xcconfig */ = {isa = PBXFileReference; includeInIndex = 1; lastKnownFileType = text.xcconfig; name = "Pods-GitHub-Swift-Stars.debug.xcconfig"; path = "Pods/Target Support Files/Pods-GitHub-Swift-Stars/Pods-GitHub-Swift-Stars.debug.xcconfig"; sourceTree = "<group>"; };
/* End PBXFileReference section */

/* Begin PBXFrameworksBuildPhase section */
		7C5D641822AD8C0600CA9C12 /* Frameworks */ = {
			isa = PBXFrameworksBuildPhase;
			buildActionMask = 2147483647;
			files = (
				16AAC80ACB45607653C04C2E /* Pods_GitHub_Swift_Stars.framework in Frameworks */,
			);
			runOnlyForDeploymentPostprocessing = 0;
		};
		7C5D642C22AD8C0800CA9C12 /* Frameworks */ = {
			isa = PBXFrameworksBuildPhase;
			buildActionMask = 2147483647;
			files = (
				203AFFF8429433991B6A8C89 /* Pods_GitHub_Swift_StarsTests.framework in Frameworks */,
			);
			runOnlyForDeploymentPostprocessing = 0;
		};
		7C5D643722AD8C0800CA9C12 /* Frameworks */ = {
			isa = PBXFrameworksBuildPhase;
			buildActionMask = 2147483647;
			files = (
				13AD819A9358278A30DBC6FA /* Pods_GitHub_Swift_StarsUITests.framework in Frameworks */,
			);
			runOnlyForDeploymentPostprocessing = 0;
		};
/* End PBXFrameworksBuildPhase section */

/* Begin PBXGroup section */
		7C5D641222AD8C0600CA9C12 = {
			isa = PBXGroup;
			children = (
				7C5D641D22AD8C0600CA9C12 /* GitHub-Swift-Stars */,
				7C5D643222AD8C0800CA9C12 /* GitHub-Swift-StarsTests */,
				7C5D643D22AD8C0800CA9C12 /* GitHub-Swift-StarsUITests */,
				7C5D641C22AD8C0600CA9C12 /* Products */,
				80B9AE0EB3262A5CADD3D04E /* Pods */,
				848F843F98A0CB6F7FE509BA /* Frameworks */,
			);
			sourceTree = "<group>";
		};
		7C5D641C22AD8C0600CA9C12 /* Products */ = {
			isa = PBXGroup;
			children = (
				7C5D641B22AD8C0600CA9C12 /* GitHub-Swift-Stars.app */,
				7C5D642F22AD8C0800CA9C12 /* GitHub-Swift-StarsTests.xctest */,
				7C5D643A22AD8C0800CA9C12 /* GitHub-Swift-StarsUITests.xctest */,
			);
			name = Products;
			sourceTree = "<group>";
		};
		7C5D641D22AD8C0600CA9C12 /* GitHub-Swift-Stars */ = {
			isa = PBXGroup;
			children = (
				7C5D641E22AD8C0600CA9C12 /* AppDelegate.swift */,
				BF8CBAA923DA7120004FAB89 /* Navigation */,
				BFDC94B722AF24170049EF00 /* Networking */,
				BFDC94B422AEF7190049EF00 /* Models */,
				BFDC94B122ADFCDB0049EF00 /* Top Star List */,
				BF7B917924074D6E00169BDD /* Repository Detail */,
				BF7B91722406AED500169BDD /* Protocols */,
				7C5D642522AD8C0800CA9C12 /* Assets.xcassets */,
				7C5D642722AD8C0800CA9C12 /* LaunchScreen.storyboard */,
				7C5D642A22AD8C0800CA9C12 /* Info.plist */,
			);
			path = "GitHub-Swift-Stars";
			sourceTree = "<group>";
		};
		7C5D643222AD8C0800CA9C12 /* GitHub-Swift-StarsTests */ = {
			isa = PBXGroup;
			children = (
				BF9E302D22B076D1009F84BE /* JSON */,
				BFDC94BD22AF6B040049EF00 /* Top Star LIst */,
				7C5D643322AD8C0800CA9C12 /* GitHub_Swift_StarsTests.swift */,
				7C5D643522AD8C0800CA9C12 /* Info.plist */,
			);
			path = "GitHub-Swift-StarsTests";
			sourceTree = "<group>";
		};
		7C5D643D22AD8C0800CA9C12 /* GitHub-Swift-StarsUITests */ = {
			isa = PBXGroup;
			children = (
				7C5D643E22AD8C0800CA9C12 /* GitHub_Swift_StarsUITests.swift */,
				7C5D644022AD8C0800CA9C12 /* Info.plist */,
			);
			path = "GitHub-Swift-StarsUITests";
			sourceTree = "<group>";
		};
		80B9AE0EB3262A5CADD3D04E /* Pods */ = {
			isa = PBXGroup;
			children = (
				F86CE69DBC645A3552C19DCA /* Pods-GitHub-Swift-Stars.debug.xcconfig */,
				A53527E043E98EA071D54EC2 /* Pods-GitHub-Swift-Stars.release.xcconfig */,
				28F02010011D54305A325FDD /* Pods-GitHub-Swift-StarsTests.debug.xcconfig */,
				B8416CE12B7BD84ACA81C70B /* Pods-GitHub-Swift-StarsTests.release.xcconfig */,
				7D2E2A25E84DB751AE3893FF /* Pods-GitHub-Swift-StarsUITests.debug.xcconfig */,
				C41BC0950AE20AA1621A029C /* Pods-GitHub-Swift-StarsUITests.release.xcconfig */,
			);
			name = Pods;
			sourceTree = "<group>";
		};
		848F843F98A0CB6F7FE509BA /* Frameworks */ = {
			isa = PBXGroup;
			children = (
				885E0DF88E720AA5A416882D /* Pods_GitHub_Swift_Stars.framework */,
				8F28EC134492877BBFDC7842 /* Pods_GitHub_Swift_StarsTests.framework */,
				E9A9C4249CE86E28AA6305AF /* Pods_GitHub_Swift_StarsUITests.framework */,
			);
			name = Frameworks;
			sourceTree = "<group>";
		};
		BF7B91722406AED500169BDD /* Protocols */ = {
			isa = PBXGroup;
			children = (
				BF7B91732406AEF600169BDD /* ViewCodeProtocol.swift */,
			);
			path = Protocols;
			sourceTree = "<group>";
		};
		BF7B917924074D6E00169BDD /* Repository Detail */ = {
			isa = PBXGroup;
			children = (
				BF7B917A24074DA200169BDD /* RepositoryDetailViewController.swift */,
				BF987AE12441415700731CA7 /* RepositoryDetailViewModel.swift */,
				BF7B917E240ADDB800169BDD /* RepositoryDetailScreen.swift */,
			);
			path = "Repository Detail";
			sourceTree = "<group>";
		};
		BF8CBAA923DA7120004FAB89 /* Navigation */ = {
			isa = PBXGroup;
			children = (
				BF8CBAAA23DA7891004FAB89 /* Coordinator.swift */,
				BF8CBAAE23DA7B8B004FAB89 /* MainCoordinator.swift */,
			);
			path = Navigation;
			sourceTree = "<group>";
		};
		BF9E302D22B076D1009F84BE /* JSON */ = {
			isa = PBXGroup;
			children = (
				BF9E302E22B07750009F84BE /* GitHubTopListMock.json */,
			);
			path = JSON;
			sourceTree = "<group>";
		};
		BFDC94B122ADFCDB0049EF00 /* Top Star List */ = {
			isa = PBXGroup;
			children = (
				BFDC94BA22AF3A7D0049EF00 /* Cells */,
				BFD564D5234C2E4E0073F3DC /* TopStarListViewController.swift */,
				BFD564D9234C308F0073F3DC /* TopStarListViewController+TableView.swift */,
				BFD564D7234C2ED80073F3DC /* TopListViewModel.swift */,
				BFD564DB235015150073F3DC /* TopStarListScreen.swift */,
			);
			path = "Top Star List";
			sourceTree = "<group>";
		};
		BFDC94B422AEF7190049EF00 /* Models */ = {
			isa = PBXGroup;
			children = (
				BFDC94B522AF1EC50049EF00 /* Repository.swift */,
				BF7B91752407431B00169BDD /* GitResponse.swift */,
				BF7B91772407434900169BDD /* Owner.swift */,
			);
			path = Models;
			sourceTree = "<group>";
		};
		BFDC94B722AF24170049EF00 /* Networking */ = {
			isa = PBXGroup;
			children = (
				BFDC94B822AF243B0049EF00 /* Api.swift */,
			);
			path = Networking;
			sourceTree = "<group>";
		};
		BFDC94BA22AF3A7D0049EF00 /* Cells */ = {
			isa = PBXGroup;
			children = (
				BFDC94BB22AF3AA40049EF00 /* RepositorieTableViewCell.swift */,
			);
			path = Cells;
			sourceTree = "<group>";
		};
		BFDC94BD22AF6B040049EF00 /* Top Star LIst */ = {
			isa = PBXGroup;
			children = (
				BFDC94BE22AF6B280049EF00 /* TopStarTableViewControllerSpec.swift */,
			);
			path = "Top Star LIst";
			sourceTree = "<group>";
		};
/* End PBXGroup section */

/* Begin PBXNativeTarget section */
		7C5D641A22AD8C0600CA9C12 /* GitHub-Swift-Stars */ = {
			isa = PBXNativeTarget;
			buildConfigurationList = 7C5D644322AD8C0800CA9C12 /* Build configuration list for PBXNativeTarget "GitHub-Swift-Stars" */;
			buildPhases = (
				08F533CBEB145AE07A0B560B /* [CP] Check Pods Manifest.lock */,
				7C5D641722AD8C0600CA9C12 /* Sources */,
				7C5D641822AD8C0600CA9C12 /* Frameworks */,
				7C5D641922AD8C0600CA9C12 /* Resources */,
				2D35F563740F041B5D48D4B9 /* [CP] Embed Pods Frameworks */,
			);
			buildRules = (
			);
			dependencies = (
			);
			name = "GitHub-Swift-Stars";
			productName = "GitHub-Swift-Stars";
			productReference = 7C5D641B22AD8C0600CA9C12 /* GitHub-Swift-Stars.app */;
			productType = "com.apple.product-type.application";
		};
		7C5D642E22AD8C0800CA9C12 /* GitHub-Swift-StarsTests */ = {
			isa = PBXNativeTarget;
			buildConfigurationList = 7C5D644622AD8C0800CA9C12 /* Build configuration list for PBXNativeTarget "GitHub-Swift-StarsTests" */;
			buildPhases = (
				3829A398AE7C9FBFFFE73B33 /* [CP] Check Pods Manifest.lock */,
				7C5D642B22AD8C0800CA9C12 /* Sources */,
				7C5D642C22AD8C0800CA9C12 /* Frameworks */,
				7C5D642D22AD8C0800CA9C12 /* Resources */,
				972017983268426365780113 /* [CP] Embed Pods Frameworks */,
			);
			buildRules = (
			);
			dependencies = (
				7C5D643122AD8C0800CA9C12 /* PBXTargetDependency */,
			);
			name = "GitHub-Swift-StarsTests";
			productName = "GitHub-Swift-StarsTests";
			productReference = 7C5D642F22AD8C0800CA9C12 /* GitHub-Swift-StarsTests.xctest */;
			productType = "com.apple.product-type.bundle.unit-test";
		};
		7C5D643922AD8C0800CA9C12 /* GitHub-Swift-StarsUITests */ = {
			isa = PBXNativeTarget;
			buildConfigurationList = 7C5D644922AD8C0800CA9C12 /* Build configuration list for PBXNativeTarget "GitHub-Swift-StarsUITests" */;
			buildPhases = (
				692F59AEBA13C3C35788FE97 /* [CP] Check Pods Manifest.lock */,
				7C5D643622AD8C0800CA9C12 /* Sources */,
				7C5D643722AD8C0800CA9C12 /* Frameworks */,
				7C5D643822AD8C0800CA9C12 /* Resources */,
			);
			buildRules = (
			);
			dependencies = (
				7C5D643C22AD8C0800CA9C12 /* PBXTargetDependency */,
			);
			name = "GitHub-Swift-StarsUITests";
			productName = "GitHub-Swift-StarsUITests";
			productReference = 7C5D643A22AD8C0800CA9C12 /* GitHub-Swift-StarsUITests.xctest */;
			productType = "com.apple.product-type.bundle.ui-testing";
		};
/* End PBXNativeTarget section */

/* Begin PBXProject section */
		7C5D641322AD8C0600CA9C12 /* Project object */ = {
			isa = PBXProject;
			attributes = {
				LastSwiftUpdateCheck = 1020;
				LastUpgradeCheck = 1020;
				ORGANIZATIONNAME = DanielTeodoro;
				TargetAttributes = {
					7C5D641A22AD8C0600CA9C12 = {
						CreatedOnToolsVersion = 10.2.1;
					};
					7C5D642E22AD8C0800CA9C12 = {
						CreatedOnToolsVersion = 10.2.1;
						TestTargetID = 7C5D641A22AD8C0600CA9C12;
					};
					7C5D643922AD8C0800CA9C12 = {
						CreatedOnToolsVersion = 10.2.1;
						TestTargetID = 7C5D641A22AD8C0600CA9C12;
					};
				};
			};
			buildConfigurationList = 7C5D641622AD8C0600CA9C12 /* Build configuration list for PBXProject "GitHub-Swift-Stars" */;
			compatibilityVersion = "Xcode 9.3";
			developmentRegion = en;
			hasScannedForEncodings = 0;
			knownRegions = (
				en,
				Base,
			);
			mainGroup = 7C5D641222AD8C0600CA9C12;
			productRefGroup = 7C5D641C22AD8C0600CA9C12 /* Products */;
			projectDirPath = "";
			projectRoot = "";
			targets = (
				7C5D641A22AD8C0600CA9C12 /* GitHub-Swift-Stars */,
				7C5D642E22AD8C0800CA9C12 /* GitHub-Swift-StarsTests */,
				7C5D643922AD8C0800CA9C12 /* GitHub-Swift-StarsUITests */,
			);
		};
/* End PBXProject section */

/* Begin PBXResourcesBuildPhase section */
		7C5D641922AD8C0600CA9C12 /* Resources */ = {
			isa = PBXResourcesBuildPhase;
			buildActionMask = 2147483647;
			files = (
				7C5D642922AD8C0800CA9C12 /* LaunchScreen.storyboard in Resources */,
				7C5D642622AD8C0800CA9C12 /* Assets.xcassets in Resources */,
			);
			runOnlyForDeploymentPostprocessing = 0;
		};
		7C5D642D22AD8C0800CA9C12 /* Resources */ = {
			isa = PBXResourcesBuildPhase;
			buildActionMask = 2147483647;
			files = (
				BF9E302F22B07750009F84BE /* GitHubTopListMock.json in Resources */,
			);
			runOnlyForDeploymentPostprocessing = 0;
		};
		7C5D643822AD8C0800CA9C12 /* Resources */ = {
			isa = PBXResourcesBuildPhase;
			buildActionMask = 2147483647;
			files = (
			);
			runOnlyForDeploymentPostprocessing = 0;
		};
/* End PBXResourcesBuildPhase section */

/* Begin PBXShellScriptBuildPhase section */
		08F533CBEB145AE07A0B560B /* [CP] Check Pods Manifest.lock */ = {
			isa = PBXShellScriptBuildPhase;
			buildActionMask = 2147483647;
			files = (
			);
			inputPaths = (
				"${PODS_PODFILE_DIR_PATH}/Podfile.lock",
				"${PODS_ROOT}/Manifest.lock",
			);
			name = "[CP] Check Pods Manifest.lock";
			outputPaths = (
				"$(DERIVED_FILE_DIR)/Pods-GitHub-Swift-Stars-checkManifestLockResult.txt",
			);
			runOnlyForDeploymentPostprocessing = 0;
			shellPath = /bin/sh;
			shellScript = "diff \"${PODS_PODFILE_DIR_PATH}/Podfile.lock\" \"${PODS_ROOT}/Manifest.lock\" > /dev/null\nif [ $? != 0 ] ; then\n    # print error to STDERR\n    echo \"error: The sandbox is not in sync with the Podfile.lock. Run 'pod install' or update your CocoaPods installation.\" >&2\n    exit 1\nfi\n# This output is used by Xcode 'outputs' to avoid re-running this script phase.\necho \"SUCCESS\" > \"${SCRIPT_OUTPUT_FILE_0}\"\n";
			showEnvVarsInLog = 0;
		};
		2D35F563740F041B5D48D4B9 /* [CP] Embed Pods Frameworks */ = {
			isa = PBXShellScriptBuildPhase;
			buildActionMask = 2147483647;
			files = (
			);
			inputFileListPaths = (
				"${PODS_ROOT}/Target Support Files/Pods-GitHub-Swift-Stars/Pods-GitHub-Swift-Stars-frameworks-${CONFIGURATION}-input-files.xcfilelist",
			);
			name = "[CP] Embed Pods Frameworks";
			outputFileListPaths = (
				"${PODS_ROOT}/Target Support Files/Pods-GitHub-Swift-Stars/Pods-GitHub-Swift-Stars-frameworks-${CONFIGURATION}-output-files.xcfilelist",
			);
			runOnlyForDeploymentPostprocessing = 0;
			shellPath = /bin/sh;
			shellScript = "\"${PODS_ROOT}/Target Support Files/Pods-GitHub-Swift-Stars/Pods-GitHub-Swift-Stars-frameworks.sh\"\n";
			showEnvVarsInLog = 0;
		};
		3829A398AE7C9FBFFFE73B33 /* [CP] Check Pods Manifest.lock */ = {
			isa = PBXShellScriptBuildPhase;
			buildActionMask = 2147483647;
			files = (
			);
			inputPaths = (
				"${PODS_PODFILE_DIR_PATH}/Podfile.lock",
				"${PODS_ROOT}/Manifest.lock",
			);
			name = "[CP] Check Pods Manifest.lock";
			outputPaths = (
				"$(DERIVED_FILE_DIR)/Pods-GitHub-Swift-StarsTests-checkManifestLockResult.txt",
			);
			runOnlyForDeploymentPostprocessing = 0;
			shellPath = /bin/sh;
			shellScript = "diff \"${PODS_PODFILE_DIR_PATH}/Podfile.lock\" \"${PODS_ROOT}/Manifest.lock\" > /dev/null\nif [ $? != 0 ] ; then\n    # print error to STDERR\n    echo \"error: The sandbox is not in sync with the Podfile.lock. Run 'pod install' or update your CocoaPods installation.\" >&2\n    exit 1\nfi\n# This output is used by Xcode 'outputs' to avoid re-running this script phase.\necho \"SUCCESS\" > \"${SCRIPT_OUTPUT_FILE_0}\"\n";
			showEnvVarsInLog = 0;
		};
		692F59AEBA13C3C35788FE97 /* [CP] Check Pods Manifest.lock */ = {
			isa = PBXShellScriptBuildPhase;
			buildActionMask = 2147483647;
			files = (
			);
			inputPaths = (
				"${PODS_PODFILE_DIR_PATH}/Podfile.lock",
				"${PODS_ROOT}/Manifest.lock",
			);
			name = "[CP] Check Pods Manifest.lock";
			outputPaths = (
				"$(DERIVED_FILE_DIR)/Pods-GitHub-Swift-StarsUITests-checkManifestLockResult.txt",
			);
			runOnlyForDeploymentPostprocessing = 0;
			shellPath = /bin/sh;
			shellScript = "diff \"${PODS_PODFILE_DIR_PATH}/Podfile.lock\" \"${PODS_ROOT}/Manifest.lock\" > /dev/null\nif [ $? != 0 ] ; then\n    # print error to STDERR\n    echo \"error: The sandbox is not in sync with the Podfile.lock. Run 'pod install' or update your CocoaPods installation.\" >&2\n    exit 1\nfi\n# This output is used by Xcode 'outputs' to avoid re-running this script phase.\necho \"SUCCESS\" > \"${SCRIPT_OUTPUT_FILE_0}\"\n";
			showEnvVarsInLog = 0;
		};
		972017983268426365780113 /* [CP] Embed Pods Frameworks */ = {
			isa = PBXShellScriptBuildPhase;
			buildActionMask = 2147483647;
			files = (
			);
			inputFileListPaths = (
				"${PODS_ROOT}/Target Support Files/Pods-GitHub-Swift-StarsTests/Pods-GitHub-Swift-StarsTests-frameworks-${CONFIGURATION}-input-files.xcfilelist",
			);
			name = "[CP] Embed Pods Frameworks";
			outputFileListPaths = (
				"${PODS_ROOT}/Target Support Files/Pods-GitHub-Swift-StarsTests/Pods-GitHub-Swift-StarsTests-frameworks-${CONFIGURATION}-output-files.xcfilelist",
			);
			runOnlyForDeploymentPostprocessing = 0;
			shellPath = /bin/sh;
			shellScript = "\"${PODS_ROOT}/Target Support Files/Pods-GitHub-Swift-StarsTests/Pods-GitHub-Swift-StarsTests-frameworks.sh\"\n";
			showEnvVarsInLog = 0;
		};
/* End PBXShellScriptBuildPhase section */

/* Begin PBXSourcesBuildPhase section */
		7C5D641722AD8C0600CA9C12 /* Sources */ = {
			isa = PBXSourcesBuildPhase;
			buildActionMask = 2147483647;
			files = (
				BF7B91782407434900169BDD /* Owner.swift in Sources */,
				BFD564D6234C2E4E0073F3DC /* TopStarListViewController.swift in Sources */,
				BF7B91742406AEF600169BDD /* ViewCodeProtocol.swift in Sources */,
				BFD564DA234C308F0073F3DC /* TopStarListViewController+TableView.swift in Sources */,
				BF7B91762407431B00169BDD /* GitResponse.swift in Sources */,
				BF7B917B24074DA200169BDD /* RepositoryDetailViewController.swift in Sources */,
				BFDC94B622AF1EC50049EF00 /* Repository.swift in Sources */,
				BFD564DC235015150073F3DC /* TopStarListScreen.swift in Sources */,
				BFDC94B922AF243B0049EF00 /* Api.swift in Sources */,
				BF987AE22441415700731CA7 /* RepositoryDetailViewModel.swift in Sources */,
				BF8CBAAF23DA7B8B004FAB89 /* MainCoordinator.swift in Sources */,
				BF7B917F240ADDB800169BDD /* RepositoryDetailScreen.swift in Sources */,
				BFDC94BC22AF3AA40049EF00 /* RepositorieTableViewCell.swift in Sources */,
				BFD564D8234C2ED80073F3DC /* TopListViewModel.swift in Sources */,
				7C5D641F22AD8C0600CA9C12 /* AppDelegate.swift in Sources */,
				BF8CBAAB23DA7891004FAB89 /* Coordinator.swift in Sources */,
			);
			runOnlyForDeploymentPostprocessing = 0;
		};
		7C5D642B22AD8C0800CA9C12 /* Sources */ = {
			isa = PBXSourcesBuildPhase;
			buildActionMask = 2147483647;
			files = (
				BFDC94BF22AF6B280049EF00 /* TopStarTableViewControllerSpec.swift in Sources */,
				7C5D643422AD8C0800CA9C12 /* GitHub_Swift_StarsTests.swift in Sources */,
			);
			runOnlyForDeploymentPostprocessing = 0;
		};
		7C5D643622AD8C0800CA9C12 /* Sources */ = {
			isa = PBXSourcesBuildPhase;
			buildActionMask = 2147483647;
			files = (
				7C5D643F22AD8C0800CA9C12 /* GitHub_Swift_StarsUITests.swift in Sources */,
			);
			runOnlyForDeploymentPostprocessing = 0;
		};
/* End PBXSourcesBuildPhase section */

/* Begin PBXTargetDependency section */
		7C5D643122AD8C0800CA9C12 /* PBXTargetDependency */ = {
			isa = PBXTargetDependency;
			target = 7C5D641A22AD8C0600CA9C12 /* GitHub-Swift-Stars */;
			targetProxy = 7C5D643022AD8C0800CA9C12 /* PBXContainerItemProxy */;
		};
		7C5D643C22AD8C0800CA9C12 /* PBXTargetDependency */ = {
			isa = PBXTargetDependency;
			target = 7C5D641A22AD8C0600CA9C12 /* GitHub-Swift-Stars */;
			targetProxy = 7C5D643B22AD8C0800CA9C12 /* PBXContainerItemProxy */;
		};
/* End PBXTargetDependency section */

/* Begin PBXVariantGroup section */
		7C5D642722AD8C0800CA9C12 /* LaunchScreen.storyboard */ = {
			isa = PBXVariantGroup;
			children = (
				7C5D642822AD8C0800CA9C12 /* Base */,
			);
			name = LaunchScreen.storyboard;
			sourceTree = "<group>";
		};
/* End PBXVariantGroup section */

/* Begin XCBuildConfiguration section */
		7C5D644122AD8C0800CA9C12 /* Debug */ = {
			isa = XCBuildConfiguration;
			buildSettings = {
				ALWAYS_SEARCH_USER_PATHS = NO;
				CLANG_ANALYZER_NONNULL = YES;
				CLANG_ANALYZER_NUMBER_OBJECT_CONVERSION = YES_AGGRESSIVE;
				CLANG_CXX_LANGUAGE_STANDARD = "gnu++14";
				CLANG_CXX_LIBRARY = "libc++";
				CLANG_ENABLE_MODULES = YES;
				CLANG_ENABLE_OBJC_ARC = YES;
				CLANG_ENABLE_OBJC_WEAK = YES;
				CLANG_WARN_BLOCK_CAPTURE_AUTORELEASING = YES;
				CLANG_WARN_BOOL_CONVERSION = YES;
				CLANG_WARN_COMMA = YES;
				CLANG_WARN_CONSTANT_CONVERSION = YES;
				CLANG_WARN_DEPRECATED_OBJC_IMPLEMENTATIONS = YES;
				CLANG_WARN_DIRECT_OBJC_ISA_USAGE = YES_ERROR;
				CLANG_WARN_DOCUMENTATION_COMMENTS = YES;
				CLANG_WARN_EMPTY_BODY = YES;
				CLANG_WARN_ENUM_CONVERSION = YES;
				CLANG_WARN_INFINITE_RECURSION = YES;
				CLANG_WARN_INT_CONVERSION = YES;
				CLANG_WARN_NON_LITERAL_NULL_CONVERSION = YES;
				CLANG_WARN_OBJC_IMPLICIT_RETAIN_SELF = YES;
				CLANG_WARN_OBJC_LITERAL_CONVERSION = YES;
				CLANG_WARN_OBJC_ROOT_CLASS = YES_ERROR;
				CLANG_WARN_RANGE_LOOP_ANALYSIS = YES;
				CLANG_WARN_STRICT_PROTOTYPES = YES;
				CLANG_WARN_SUSPICIOUS_MOVE = YES;
				CLANG_WARN_UNGUARDED_AVAILABILITY = YES_AGGRESSIVE;
				CLANG_WARN_UNREACHABLE_CODE = YES;
				CLANG_WARN__DUPLICATE_METHOD_MATCH = YES;
				CODE_SIGN_IDENTITY = "iPhone Developer";
				COPY_PHASE_STRIP = NO;
				DEBUG_INFORMATION_FORMAT = dwarf;
				ENABLE_STRICT_OBJC_MSGSEND = YES;
				ENABLE_TESTABILITY = YES;
				GCC_C_LANGUAGE_STANDARD = gnu11;
				GCC_DYNAMIC_NO_PIC = NO;
				GCC_NO_COMMON_BLOCKS = YES;
				GCC_OPTIMIZATION_LEVEL = 0;
				GCC_PREPROCESSOR_DEFINITIONS = (
					"DEBUG=1",
					"$(inherited)",
				);
				GCC_WARN_64_TO_32_BIT_CONVERSION = YES;
				GCC_WARN_ABOUT_RETURN_TYPE = YES_ERROR;
				GCC_WARN_UNDECLARED_SELECTOR = YES;
				GCC_WARN_UNINITIALIZED_AUTOS = YES_AGGRESSIVE;
				GCC_WARN_UNUSED_FUNCTION = YES;
				GCC_WARN_UNUSED_VARIABLE = YES;
				IPHONEOS_DEPLOYMENT_TARGET = 12.2;
				MTL_ENABLE_DEBUG_INFO = INCLUDE_SOURCE;
				MTL_FAST_MATH = YES;
				ONLY_ACTIVE_ARCH = YES;
				SDKROOT = iphoneos;
				SWIFT_ACTIVE_COMPILATION_CONDITIONS = DEBUG;
				SWIFT_OPTIMIZATION_LEVEL = "-Onone";
			};
			name = Debug;
		};
		7C5D644222AD8C0800CA9C12 /* Release */ = {
			isa = XCBuildConfiguration;
			buildSettings = {
				ALWAYS_SEARCH_USER_PATHS = NO;
				CLANG_ANALYZER_NONNULL = YES;
				CLANG_ANALYZER_NUMBER_OBJECT_CONVERSION = YES_AGGRESSIVE;
				CLANG_CXX_LANGUAGE_STANDARD = "gnu++14";
				CLANG_CXX_LIBRARY = "libc++";
				CLANG_ENABLE_MODULES = YES;
				CLANG_ENABLE_OBJC_ARC = YES;
				CLANG_ENABLE_OBJC_WEAK = YES;
				CLANG_WARN_BLOCK_CAPTURE_AUTORELEASING = YES;
				CLANG_WARN_BOOL_CONVERSION = YES;
				CLANG_WARN_COMMA = YES;
				CLANG_WARN_CONSTANT_CONVERSION = YES;
				CLANG_WARN_DEPRECATED_OBJC_IMPLEMENTATIONS = YES;
				CLANG_WARN_DIRECT_OBJC_ISA_USAGE = YES_ERROR;
				CLANG_WARN_DOCUMENTATION_COMMENTS = YES;
				CLANG_WARN_EMPTY_BODY = YES;
				CLANG_WARN_ENUM_CONVERSION = YES;
				CLANG_WARN_INFINITE_RECURSION = YES;
				CLANG_WARN_INT_CONVERSION = YES;
				CLANG_WARN_NON_LITERAL_NULL_CONVERSION = YES;
				CLANG_WARN_OBJC_IMPLICIT_RETAIN_SELF = YES;
				CLANG_WARN_OBJC_LITERAL_CONVERSION = YES;
				CLANG_WARN_OBJC_ROOT_CLASS = YES_ERROR;
				CLANG_WARN_RANGE_LOOP_ANALYSIS = YES;
				CLANG_WARN_STRICT_PROTOTYPES = YES;
				CLANG_WARN_SUSPICIOUS_MOVE = YES;
				CLANG_WARN_UNGUARDED_AVAILABILITY = YES_AGGRESSIVE;
				CLANG_WARN_UNREACHABLE_CODE = YES;
				CLANG_WARN__DUPLICATE_METHOD_MATCH = YES;
				CODE_SIGN_IDENTITY = "iPhone Developer";
				COPY_PHASE_STRIP = NO;
				DEBUG_INFORMATION_FORMAT = "dwarf-with-dsym";
				ENABLE_NS_ASSERTIONS = NO;
				ENABLE_STRICT_OBJC_MSGSEND = YES;
				GCC_C_LANGUAGE_STANDARD = gnu11;
				GCC_NO_COMMON_BLOCKS = YES;
				GCC_WARN_64_TO_32_BIT_CONVERSION = YES;
				GCC_WARN_ABOUT_RETURN_TYPE = YES_ERROR;
				GCC_WARN_UNDECLARED_SELECTOR = YES;
				GCC_WARN_UNINITIALIZED_AUTOS = YES_AGGRESSIVE;
				GCC_WARN_UNUSED_FUNCTION = YES;
				GCC_WARN_UNUSED_VARIABLE = YES;
				IPHONEOS_DEPLOYMENT_TARGET = 12.2;
				MTL_ENABLE_DEBUG_INFO = NO;
				MTL_FAST_MATH = YES;
				SDKROOT = iphoneos;
				SWIFT_COMPILATION_MODE = wholemodule;
				SWIFT_OPTIMIZATION_LEVEL = "-O";
				VALIDATE_PRODUCT = YES;
			};
			name = Release;
		};
		7C5D644422AD8C0800CA9C12 /* Debug */ = {
			isa = XCBuildConfiguration;
			baseConfigurationReference = F86CE69DBC645A3552C19DCA /* Pods-GitHub-Swift-Stars.debug.xcconfig */;
			buildSettings = {
				ASSETCATALOG_COMPILER_APPICON_NAME = AppIcon;
				CODE_SIGN_IDENTITY = "Apple Development";
				CODE_SIGN_STYLE = Automatic;
				DEVELOPMENT_TEAM = 9RN254RQSB;
				INFOPLIST_FILE = "GitHub-Swift-Stars/Info.plist";
				LD_RUNPATH_SEARCH_PATHS = (
					"$(inherited)",
					"@executable_path/Frameworks",
				);
				PRODUCT_BUNDLE_IDENTIFIER = "DanielTeodoro.GitHub-Swift-Stars";
				PRODUCT_NAME = "$(TARGET_NAME)";
				PROVISIONING_PROFILE_SPECIFIER = "";
				SWIFT_VERSION = 5.0;
				TARGETED_DEVICE_FAMILY = "1,2";
			};
			name = Debug;
		};
		7C5D644522AD8C0800CA9C12 /* Release */ = {
			isa = XCBuildConfiguration;
			baseConfigurationReference = A53527E043E98EA071D54EC2 /* Pods-GitHub-Swift-Stars.release.xcconfig */;
			buildSettings = {
				ASSETCATALOG_COMPILER_APPICON_NAME = AppIcon;
				CODE_SIGN_IDENTITY = "Apple Development";
				CODE_SIGN_STYLE = Automatic;
				DEVELOPMENT_TEAM = 9RN254RQSB;
				INFOPLIST_FILE = "GitHub-Swift-Stars/Info.plist";
				LD_RUNPATH_SEARCH_PATHS = (
					"$(inherited)",
					"@executable_path/Frameworks",
				);
				PRODUCT_BUNDLE_IDENTIFIER = "DanielTeodoro.GitHub-Swift-Stars";
				PRODUCT_NAME = "$(TARGET_NAME)";
				PROVISIONING_PROFILE_SPECIFIER = "";
				SWIFT_VERSION = 5.0;
				TARGETED_DEVICE_FAMILY = "1,2";
			};
			name = Release;
		};
		7C5D644722AD8C0800CA9C12 /* Debug */ = {
			isa = XCBuildConfiguration;
			baseConfigurationReference = 28F02010011D54305A325FDD /* Pods-GitHub-Swift-StarsTests.debug.xcconfig */;
			buildSettings = {
				ALWAYS_EMBED_SWIFT_STANDARD_LIBRARIES = YES;
				BUNDLE_LOADER = "$(TEST_HOST)";
				CODE_SIGN_STYLE = Automatic;
				DEVELOPMENT_TEAM = 9RN254RQSB;
				INFOPLIST_FILE = "GitHub-Swift-StarsTests/Info.plist";
				LD_RUNPATH_SEARCH_PATHS = (
					"$(inherited)",
					"@executable_path/Frameworks",
					"@loader_path/Frameworks",
				);
				PRODUCT_BUNDLE_IDENTIFIER = "DanielTeodoro.GitHub-Swift-StarsTests";
				PRODUCT_NAME = "$(TARGET_NAME)";
				SWIFT_VERSION = 5.0;
				TARGETED_DEVICE_FAMILY = "1,2";
				TEST_HOST = "$(BUILT_PRODUCTS_DIR)/GitHub-Swift-Stars.app/GitHub-Swift-Stars";
			};
			name = Debug;
		};
		7C5D644822AD8C0800CA9C12 /* Release */ = {
			isa = XCBuildConfiguration;
			baseConfigurationReference = B8416CE12B7BD84ACA81C70B /* Pods-GitHub-Swift-StarsTests.release.xcconfig */;
			buildSettings = {
				ALWAYS_EMBED_SWIFT_STANDARD_LIBRARIES = YES;
				BUNDLE_LOADER = "$(TEST_HOST)";
				CODE_SIGN_STYLE = Automatic;
				DEVELOPMENT_TEAM = 9RN254RQSB;
				INFOPLIST_FILE = "GitHub-Swift-StarsTests/Info.plist";
				LD_RUNPATH_SEARCH_PATHS = (
					"$(inherited)",
					"@executable_path/Frameworks",
					"@loader_path/Frameworks",
				);
				PRODUCT_BUNDLE_IDENTIFIER = "DanielTeodoro.GitHub-Swift-StarsTests";
				PRODUCT_NAME = "$(TARGET_NAME)";
				SWIFT_VERSION = 5.0;
				TARGETED_DEVICE_FAMILY = "1,2";
				TEST_HOST = "$(BUILT_PRODUCTS_DIR)/GitHub-Swift-Stars.app/GitHub-Swift-Stars";
			};
			name = Release;
		};
		7C5D644A22AD8C0800CA9C12 /* Debug */ = {
			isa = XCBuildConfiguration;
			baseConfigurationReference = 7D2E2A25E84DB751AE3893FF /* Pods-GitHub-Swift-StarsUITests.debug.xcconfig */;
			buildSettings = {
				ALWAYS_EMBED_SWIFT_STANDARD_LIBRARIES = YES;
				CODE_SIGN_STYLE = Automatic;
				INFOPLIST_FILE = "GitHub-Swift-StarsUITests/Info.plist";
				LD_RUNPATH_SEARCH_PATHS = (
					"$(inherited)",
					"@executable_path/Frameworks",
					"@loader_path/Frameworks",
				);
				PRODUCT_BUNDLE_IDENTIFIER = "DanielTeodoro.GitHub-Swift-StarsUITests";
				PRODUCT_NAME = "$(TARGET_NAME)";
				SWIFT_VERSION = 5.0;
				TARGETED_DEVICE_FAMILY = "1,2";
				TEST_TARGET_NAME = "GitHub-Swift-Stars";
			};
			name = Debug;
		};
		7C5D644B22AD8C0800CA9C12 /* Release */ = {
			isa = XCBuildConfiguration;
			baseConfigurationReference = C41BC0950AE20AA1621A029C /* Pods-GitHub-Swift-StarsUITests.release.xcconfig */;
			buildSettings = {
				ALWAYS_EMBED_SWIFT_STANDARD_LIBRARIES = YES;
				CODE_SIGN_STYLE = Automatic;
				INFOPLIST_FILE = "GitHub-Swift-StarsUITests/Info.plist";
				LD_RUNPATH_SEARCH_PATHS = (
					"$(inherited)",
					"@executable_path/Frameworks",
					"@loader_path/Frameworks",
				);
				PRODUCT_BUNDLE_IDENTIFIER = "DanielTeodoro.GitHub-Swift-StarsUITests";
				PRODUCT_NAME = "$(TARGET_NAME)";
				SWIFT_VERSION = 5.0;
				TARGETED_DEVICE_FAMILY = "1,2";
				TEST_TARGET_NAME = "GitHub-Swift-Stars";
			};
			name = Release;
		};
/* End XCBuildConfiguration section */

/* Begin XCConfigurationList section */
		7C5D641622AD8C0600CA9C12 /* Build configuration list for PBXProject "GitHub-Swift-Stars" */ = {
			isa = XCConfigurationList;
			buildConfigurations = (
				7C5D644122AD8C0800CA9C12 /* Debug */,
				7C5D644222AD8C0800CA9C12 /* Release */,
			);
			defaultConfigurationIsVisible = 0;
			defaultConfigurationName = Release;
		};
		7C5D644322AD8C0800CA9C12 /* Build configuration list for PBXNativeTarget "GitHub-Swift-Stars" */ = {
			isa = XCConfigurationList;
			buildConfigurations = (
				7C5D644422AD8C0800CA9C12 /* Debug */,
				7C5D644522AD8C0800CA9C12 /* Release */,
			);
			defaultConfigurationIsVisible = 0;
			defaultConfigurationName = Release;
		};
		7C5D644622AD8C0800CA9C12 /* Build configuration list for PBXNativeTarget "GitHub-Swift-StarsTests" */ = {
			isa = XCConfigurationList;
			buildConfigurations = (
				7C5D644722AD8C0800CA9C12 /* Debug */,
				7C5D644822AD8C0800CA9C12 /* Release */,
			);
			defaultConfigurationIsVisible = 0;
			defaultConfigurationName = Release;
		};
		7C5D644922AD8C0800CA9C12 /* Build configuration list for PBXNativeTarget "GitHub-Swift-StarsUITests" */ = {
			isa = XCConfigurationList;
			buildConfigurations = (
				7C5D644A22AD8C0800CA9C12 /* Debug */,
				7C5D644B22AD8C0800CA9C12 /* Release */,
			);
			defaultConfigurationIsVisible = 0;
			defaultConfigurationName = Release;
		};
/* End XCConfigurationList section */
	};
	rootObject = 7C5D641322AD8C0600CA9C12 /* Project object */;
}
