PODS:
  - ImageLoader (0.14.0)
  - iOSSnapshotTestCase (6.0.3):
    - iOSSnapshotTestCase/SwiftSupport (= 6.0.3)
  - iOSSnapshotTestCase/Core (6.0.3)
  - iOSSnapshotTestCase/SwiftSupport (6.0.3):
    - iOSSnapshotTestCase/Core
  - Nimble (8.0.2)
  - Nimble-Snapshots (7.1.0):
    - Nimble-Snapshots/Core (= 7.1.0)
  - Nimble-Snapshots/Core (7.1.0):
    - iOSSnapshotTestCase (~> 6.0)
    - Nimble (~> 8.0)
  - Quick (2.1.0)

DEPENDENCIES:
  - ImageLoader
  - Nimble (~> 8.0)
  - Nimble-Snapshots (~> 7.1)
  - Quick (~> 2.1)

SPEC REPOS:
  https://github.com/cocoapods/specs.git:
    - ImageLoader
    - iOSSnapshotTestCase
    - Nimble
    - Nimble-Snapshots
    - Quick

SPEC CHECKSUMS:
  ImageLoader: 56f57e35d6ed26a74183dc2e472133b4b22eb7b9
  iOSSnapshotTestCase: 944a73f6d9676302811a86c0cf35f0e6ef5ab2a0
  Nimble: 622629381bda1dd5678162f21f1368cec7cbba60
  Nimble-Snapshots: 2ec985281eef0eb9fc69a469deee851363a50d0e
  Quick: 4be43f6634acfa727dd106bdf3929ce125ffa79d

PODFILE CHECKSUM: 67438b52b19c8aff86539427b85e1d8243018cdf

COCOAPODS: 1.5.3
